// !$*UTF8*$!
{
	archiveVersion = 1;
	classes = {
	};
	objectVersion = 46;
	objects = {

/* Begin PBXBuildFile section */
		050CB6A61911D162000198D6 /* QuartzCore.framework in Frameworks */ = {isa = PBXBuildFile; fileRef = 050CB6A51911D162000198D6 /* QuartzCore.framework */; };
		0523D35F1911D382002DF401 /* TCProgressHUD.m in Sources */ = {isa = PBXBuildFile; fileRef = 0523D35E1911D382002DF401 /* TCProgressHUD.m */; };
		05918F3A18FF947300A0F579 /* awhileBar@2x.png in Resources */ = {isa = PBXBuildFile; fileRef = 05918F3918FF947300A0F579 /* awhileBar@2x.png */; };
		05918F3D18FFA42300A0F579 /* home@2x.png in Resources */ = {isa = PBXBuildFile; fileRef = 05918F3C18FFA42300A0F579 /* home@2x.png */; };
		15A82F6A1910342600A01D4C /* AWBirthTimeView.m in Sources */ = {isa = PBXBuildFile; fileRef = 15A82F691910342600A01D4C /* AWBirthTimeView.m */; };
		15A82F6D1910BC5E00A01D4C /* AWBirthTimeViewController.m in Sources */ = {isa = PBXBuildFile; fileRef = 15A82F6C1910BC5E00A01D4C /* AWBirthTimeViewController.m */; };
		15F6D3E418FEFED800A176DC /* AWDataModel.m in Sources */ = {isa = PBXBuildFile; fileRef = 15F6D3E318FEFED800A176DC /* AWDataModel.m */; };
		15FDE071190B4C1B00DFE036 /* AWBirthDateViewController.m in Sources */ = {isa = PBXBuildFile; fileRef = 15FDE070190B4C1B00DFE036 /* AWBirthDateViewController.m */; };
		15FDE074190B4D1D00DFE036 /* AWBirthDateView.m in Sources */ = {isa = PBXBuildFile; fileRef = 15FDE073190B4D1C00DFE036 /* AWBirthDateView.m */; };
		B2111C6A1911B30B009F200C /* AWSpinnerContents.m in Sources */ = {isa = PBXBuildFile; fileRef = B2111C691911B30B009F200C /* AWSpinnerContents.m */; };
		B24EB9BA19176D9600EA5584 /* AWTimeView.m in Sources */ = {isa = PBXBuildFile; fileRef = B24EB9B919176D9600EA5584 /* AWTimeView.m */; };
		B24EB9BF1919444300EA5584 /* AWFallingCircleAnimator.m in Sources */ = {isa = PBXBuildFile; fileRef = B24EB9BB1919444300EA5584 /* AWFallingCircleAnimator.m */; };
		B24EB9C01919444300EA5584 /* UIViewController+Animator.m in Sources */ = {isa = PBXBuildFile; fileRef = B24EB9BC1919444300EA5584 /* UIViewController+Animator.m */; };
		B24EB9C31919446C00EA5584 /* AWCircleViewController.m in Sources */ = {isa = PBXBuildFile; fileRef = B24EB9C21919446C00EA5584 /* AWCircleViewController.m */; };
		B24FD087190700C8009FD1C8 /* AWIconSpinnerCell.m in Sources */ = {isa = PBXBuildFile; fileRef = B24FD086190700C8009FD1C8 /* AWIconSpinnerCell.m */; };
		B295DE3B18F728DB00497CDD /* Foundation.framework in Frameworks */ = {isa = PBXBuildFile; fileRef = B295DE3A18F728DB00497CDD /* Foundation.framework */; };
		B295DE3D18F728DB00497CDD /* CoreGraphics.framework in Frameworks */ = {isa = PBXBuildFile; fileRef = B295DE3C18F728DB00497CDD /* CoreGraphics.framework */; };
		B295DE3F18F728DB00497CDD /* UIKit.framework in Frameworks */ = {isa = PBXBuildFile; fileRef = B295DE3E18F728DB00497CDD /* UIKit.framework */; };
		B295DE4518F728DB00497CDD /* InfoPlist.strings in Resources */ = {isa = PBXBuildFile; fileRef = B295DE4318F728DB00497CDD /* InfoPlist.strings */; };
		B295DE4718F728DB00497CDD /* main.m in Sources */ = {isa = PBXBuildFile; fileRef = B295DE4618F728DB00497CDD /* main.m */; };
		B295DE4B18F728DB00497CDD /* AWAppDelegate.m in Sources */ = {isa = PBXBuildFile; fileRef = B295DE4A18F728DB00497CDD /* AWAppDelegate.m */; };
		B295DE4D18F728DB00497CDD /* Images.xcassets in Resources */ = {isa = PBXBuildFile; fileRef = B295DE4C18F728DB00497CDD /* Images.xcassets */; };
		B295DE5418F728DB00497CDD /* XCTest.framework in Frameworks */ = {isa = PBXBuildFile; fileRef = B295DE5318F728DB00497CDD /* XCTest.framework */; };
		B295DE5518F728DB00497CDD /* Foundation.framework in Frameworks */ = {isa = PBXBuildFile; fileRef = B295DE3A18F728DB00497CDD /* Foundation.framework */; };
		B295DE5618F728DB00497CDD /* UIKit.framework in Frameworks */ = {isa = PBXBuildFile; fileRef = B295DE3E18F728DB00497CDD /* UIKit.framework */; };
		B295DE5E18F728DB00497CDD /* InfoPlist.strings in Resources */ = {isa = PBXBuildFile; fileRef = B295DE5C18F728DB00497CDD /* InfoPlist.strings */; };
		B295DE6018F728DB00497CDD /* AwhileAppTests.m in Sources */ = {isa = PBXBuildFile; fileRef = B295DE5F18F728DB00497CDD /* AwhileAppTests.m */; };
		B295DE7118F76E4A00497CDD /* CoreTextArcView.m in Sources */ = {isa = PBXBuildFile; fileRef = B295DE7018F76E4A00497CDD /* CoreTextArcView.m */; };
		B295DE7F18F77DFC00497CDD /* ZASpinnerTableView.m in Sources */ = {isa = PBXBuildFile; fileRef = B295DE7A18F77DFC00497CDD /* ZASpinnerTableView.m */; };
		B295DE8018F77DFC00497CDD /* ZASpinnerCell.m in Sources */ = {isa = PBXBuildFile; fileRef = B295DE7C18F77DFC00497CDD /* ZASpinnerCell.m */; };
		B295DE8118F77DFC00497CDD /* ZASpinnerView.m in Sources */ = {isa = PBXBuildFile; fileRef = B295DE7E18F77DFC00497CDD /* ZASpinnerView.m */; };
		B2AE2BC219077F41003C446B /* AWMainViewController.m in Sources */ = {isa = PBXBuildFile; fileRef = B2AE2BC119077F41003C446B /* AWMainViewController.m */; };
		B2AE2BC519077F52003C446B /* AWMainView.m in Sources */ = {isa = PBXBuildFile; fileRef = B2AE2BC419077F52003C446B /* AWMainView.m */; };
		B2CF54031908A0E4009C15C6 /* AWArcTextSpinnerCell.m in Sources */ = {isa = PBXBuildFile; fileRef = B2CF54021908A0E4009C15C6 /* AWArcTextSpinnerCell.m */; };
/* End PBXBuildFile section */

/* Begin PBXContainerItemProxy section */
		B295DE5718F728DB00497CDD /* PBXContainerItemProxy */ = {
			isa = PBXContainerItemProxy;
			containerPortal = B295DE2F18F728DB00497CDD /* Project object */;
			proxyType = 1;
			remoteGlobalIDString = B295DE3618F728DB00497CDD;
			remoteInfo = AwhileApp;
		};
/* End PBXContainerItemProxy section */

/* Begin PBXFileReference section */
		050CB6A51911D162000198D6 /* QuartzCore.framework */ = {isa = PBXFileReference; lastKnownFileType = wrapper.framework; name = QuartzCore.framework; path = System/Library/Frameworks/QuartzCore.framework; sourceTree = SDKROOT; };
		0523D35D1911D382002DF401 /* TCProgressHUD.h */ = {isa = PBXFileReference; fileEncoding = 4; lastKnownFileType = sourcecode.c.h; path = TCProgressHUD.h; sourceTree = "<group>"; };
		0523D35E1911D382002DF401 /* TCProgressHUD.m */ = {isa = PBXFileReference; fileEncoding = 4; lastKnownFileType = sourcecode.c.objc; path = TCProgressHUD.m; sourceTree = "<group>"; };
		05918F3918FF947300A0F579 /* awhileBar@2x.png */ = {isa = PBXFileReference; lastKnownFileType = image.png; path = "awhileBar@2x.png"; sourceTree = "<group>"; };
		05918F3C18FFA42300A0F579 /* home@2x.png */ = {isa = PBXFileReference; lastKnownFileType = image.png; path = "home@2x.png"; sourceTree = "<group>"; };
		15A82F681910342600A01D4C /* AWBirthTimeView.h */ = {isa = PBXFileReference; fileEncoding = 4; lastKnownFileType = sourcecode.c.h; path = AWBirthTimeView.h; sourceTree = "<group>"; };
		15A82F691910342600A01D4C /* AWBirthTimeView.m */ = {isa = PBXFileReference; fileEncoding = 4; lastKnownFileType = sourcecode.c.objc; path = AWBirthTimeView.m; sourceTree = "<group>"; };
		15A82F6B1910BC5D00A01D4C /* AWBirthTimeViewController.h */ = {isa = PBXFileReference; fileEncoding = 4; lastKnownFileType = sourcecode.c.h; path = AWBirthTimeViewController.h; sourceTree = "<group>"; };
		15A82F6C1910BC5E00A01D4C /* AWBirthTimeViewController.m */ = {isa = PBXFileReference; fileEncoding = 4; lastKnownFileType = sourcecode.c.objc; path = AWBirthTimeViewController.m; sourceTree = "<group>"; };
		15F6D3E218FEFED800A176DC /* AWDataModel.h */ = {isa = PBXFileReference; fileEncoding = 4; lastKnownFileType = sourcecode.c.h; path = AWDataModel.h; sourceTree = "<group>"; };
		15F6D3E318FEFED800A176DC /* AWDataModel.m */ = {isa = PBXFileReference; fileEncoding = 4; lastKnownFileType = sourcecode.c.objc; path = AWDataModel.m; sourceTree = "<group>"; };
		15FDE06F190B4C1B00DFE036 /* AWBirthDateViewController.h */ = {isa = PBXFileReference; fileEncoding = 4; lastKnownFileType = sourcecode.c.h; path = AWBirthDateViewController.h; sourceTree = "<group>"; };
		15FDE070190B4C1B00DFE036 /* AWBirthDateViewController.m */ = {isa = PBXFileReference; fileEncoding = 4; lastKnownFileType = sourcecode.c.objc; path = AWBirthDateViewController.m; sourceTree = "<group>"; };
		15FDE072190B4D1C00DFE036 /* AWBirthDateView.h */ = {isa = PBXFileReference; fileEncoding = 4; lastKnownFileType = sourcecode.c.h; path = AWBirthDateView.h; sourceTree = "<group>"; };
		15FDE073190B4D1C00DFE036 /* AWBirthDateView.m */ = {isa = PBXFileReference; fileEncoding = 4; lastKnownFileType = sourcecode.c.objc; path = AWBirthDateView.m; sourceTree = "<group>"; };
		B2111C681911B30B009F200C /* AWSpinnerContents.h */ = {isa = PBXFileReference; fileEncoding = 4; lastKnownFileType = sourcecode.c.h; path = AWSpinnerContents.h; sourceTree = "<group>"; };
		B2111C691911B30B009F200C /* AWSpinnerContents.m */ = {isa = PBXFileReference; fileEncoding = 4; lastKnownFileType = sourcecode.c.objc; path = AWSpinnerContents.m; sourceTree = "<group>"; };
		B24EB9B819176D9600EA5584 /* AWTimeView.h */ = {isa = PBXFileReference; fileEncoding = 4; lastKnownFileType = sourcecode.c.h; path = AWTimeView.h; sourceTree = "<group>"; };
		B24EB9B919176D9600EA5584 /* AWTimeView.m */ = {isa = PBXFileReference; fileEncoding = 4; lastKnownFileType = sourcecode.c.objc; path = AWTimeView.m; sourceTree = "<group>"; };
		B24EB9BB1919444300EA5584 /* AWFallingCircleAnimator.m */ = {isa = PBXFileReference; fileEncoding = 4; lastKnownFileType = sourcecode.c.objc; path = AWFallingCircleAnimator.m; sourceTree = "<group>"; };
		B24EB9BC1919444300EA5584 /* UIViewController+Animator.m */ = {isa = PBXFileReference; fileEncoding = 4; lastKnownFileType = sourcecode.c.objc; path = "UIViewController+Animator.m"; sourceTree = "<group>"; };
		B24EB9BD1919444300EA5584 /* UIViewController+Animator.h */ = {isa = PBXFileReference; fileEncoding = 4; lastKnownFileType = sourcecode.c.h; path = "UIViewController+Animator.h"; sourceTree = "<group>"; };
		B24EB9BE1919444300EA5584 /* AWFallingCircleAnimator.h */ = {isa = PBXFileReference; fileEncoding = 4; lastKnownFileType = sourcecode.c.h; path = AWFallingCircleAnimator.h; sourceTree = "<group>"; };
		B24EB9C11919446C00EA5584 /* AWCircleViewController.h */ = {isa = PBXFileReference; fileEncoding = 4; lastKnownFileType = sourcecode.c.h; path = AWCircleViewController.h; sourceTree = "<group>"; };
		B24EB9C21919446C00EA5584 /* AWCircleViewController.m */ = {isa = PBXFileReference; fileEncoding = 4; lastKnownFileType = sourcecode.c.objc; path = AWCircleViewController.m; sourceTree = "<group>"; };
		B24FD085190700C8009FD1C8 /* AWIconSpinnerCell.h */ = {isa = PBXFileReference; fileEncoding = 4; lastKnownFileType = sourcecode.c.h; path = AWIconSpinnerCell.h; sourceTree = "<group>"; };
		B24FD086190700C8009FD1C8 /* AWIconSpinnerCell.m */ = {isa = PBXFileReference; fileEncoding = 4; lastKnownFileType = sourcecode.c.objc; path = AWIconSpinnerCell.m; sourceTree = "<group>"; };
		B295DE3718F728DB00497CDD /* AwhileApp.app */ = {isa = PBXFileReference; explicitFileType = wrapper.application; includeInIndex = 0; path = AwhileApp.app; sourceTree = BUILT_PRODUCTS_DIR; };
		B295DE3A18F728DB00497CDD /* Foundation.framework */ = {isa = PBXFileReference; lastKnownFileType = wrapper.framework; name = Foundation.framework; path = System/Library/Frameworks/Foundation.framework; sourceTree = SDKROOT; };
		B295DE3C18F728DB00497CDD /* CoreGraphics.framework */ = {isa = PBXFileReference; lastKnownFileType = wrapper.framework; name = CoreGraphics.framework; path = System/Library/Frameworks/CoreGraphics.framework; sourceTree = SDKROOT; };
		B295DE3E18F728DB00497CDD /* UIKit.framework */ = {isa = PBXFileReference; lastKnownFileType = wrapper.framework; name = UIKit.framework; path = System/Library/Frameworks/UIKit.framework; sourceTree = SDKROOT; };
		B295DE4218F728DB00497CDD /* AwhileApp-Info.plist */ = {isa = PBXFileReference; lastKnownFileType = text.plist.xml; path = "AwhileApp-Info.plist"; sourceTree = "<group>"; };
		B295DE4418F728DB00497CDD /* en */ = {isa = PBXFileReference; lastKnownFileType = text.plist.strings; name = en; path = en.lproj/InfoPlist.strings; sourceTree = "<group>"; };
		B295DE4618F728DB00497CDD /* main.m */ = {isa = PBXFileReference; lastKnownFileType = sourcecode.c.objc; path = main.m; sourceTree = "<group>"; };
		B295DE4818F728DB00497CDD /* AwhileApp-Prefix.pch */ = {isa = PBXFileReference; lastKnownFileType = sourcecode.c.h; path = "AwhileApp-Prefix.pch"; sourceTree = "<group>"; };
		B295DE4918F728DB00497CDD /* AWAppDelegate.h */ = {isa = PBXFileReference; lastKnownFileType = sourcecode.c.h; path = AWAppDelegate.h; sourceTree = "<group>"; };
		B295DE4A18F728DB00497CDD /* AWAppDelegate.m */ = {isa = PBXFileReference; lastKnownFileType = sourcecode.c.objc; path = AWAppDelegate.m; sourceTree = "<group>"; };
		B295DE4C18F728DB00497CDD /* Images.xcassets */ = {isa = PBXFileReference; lastKnownFileType = folder.assetcatalog; path = Images.xcassets; sourceTree = "<group>"; };
		B295DE5218F728DB00497CDD /* AwhileAppTests.xctest */ = {isa = PBXFileReference; explicitFileType = wrapper.cfbundle; includeInIndex = 0; path = AwhileAppTests.xctest; sourceTree = BUILT_PRODUCTS_DIR; };
		B295DE5318F728DB00497CDD /* XCTest.framework */ = {isa = PBXFileReference; lastKnownFileType = wrapper.framework; name = XCTest.framework; path = Library/Frameworks/XCTest.framework; sourceTree = DEVELOPER_DIR; };
		B295DE5B18F728DB00497CDD /* AwhileAppTests-Info.plist */ = {isa = PBXFileReference; lastKnownFileType = text.plist.xml; path = "AwhileAppTests-Info.plist"; sourceTree = "<group>"; };
		B295DE5D18F728DB00497CDD /* en */ = {isa = PBXFileReference; lastKnownFileType = text.plist.strings; name = en; path = en.lproj/InfoPlist.strings; sourceTree = "<group>"; };
		B295DE5F18F728DB00497CDD /* AwhileAppTests.m */ = {isa = PBXFileReference; lastKnownFileType = sourcecode.c.objc; path = AwhileAppTests.m; sourceTree = "<group>"; };
		B295DE6F18F76E4A00497CDD /* CoreTextArcView.h */ = {isa = PBXFileReference; fileEncoding = 4; lastKnownFileType = sourcecode.c.h; path = CoreTextArcView.h; sourceTree = "<group>"; };
		B295DE7018F76E4A00497CDD /* CoreTextArcView.m */ = {isa = PBXFileReference; fileEncoding = 4; lastKnownFileType = sourcecode.c.objc; path = CoreTextArcView.m; sourceTree = "<group>"; };
		B295DE7918F77DFC00497CDD /* ZASpinnerTableView.h */ = {isa = PBXFileReference; fileEncoding = 4; lastKnownFileType = sourcecode.c.h; path = ZASpinnerTableView.h; sourceTree = "<group>"; };
		B295DE7A18F77DFC00497CDD /* ZASpinnerTableView.m */ = {isa = PBXFileReference; fileEncoding = 4; lastKnownFileType = sourcecode.c.objc; path = ZASpinnerTableView.m; sourceTree = "<group>"; };
		B295DE7B18F77DFC00497CDD /* ZASpinnerCell.h */ = {isa = PBXFileReference; fileEncoding = 4; lastKnownFileType = sourcecode.c.h; path = ZASpinnerCell.h; sourceTree = "<group>"; };
		B295DE7C18F77DFC00497CDD /* ZASpinnerCell.m */ = {isa = PBXFileReference; fileEncoding = 4; lastKnownFileType = sourcecode.c.objc; path = ZASpinnerCell.m; sourceTree = "<group>"; };
		B295DE7D18F77DFC00497CDD /* ZASpinnerView.h */ = {isa = PBXFileReference; fileEncoding = 4; lastKnownFileType = sourcecode.c.h; path = ZASpinnerView.h; sourceTree = "<group>"; };
		B295DE7E18F77DFC00497CDD /* ZASpinnerView.m */ = {isa = PBXFileReference; fileEncoding = 4; lastKnownFileType = sourcecode.c.objc; path = ZASpinnerView.m; sourceTree = "<group>"; };
		B2AE2BC019077F41003C446B /* AWMainViewController.h */ = {isa = PBXFileReference; fileEncoding = 4; lastKnownFileType = sourcecode.c.h; path = AWMainViewController.h; sourceTree = "<group>"; };
		B2AE2BC119077F41003C446B /* AWMainViewController.m */ = {isa = PBXFileReference; fileEncoding = 4; lastKnownFileType = sourcecode.c.objc; path = AWMainViewController.m; sourceTree = "<group>"; };
		B2AE2BC319077F52003C446B /* AWMainView.h */ = {isa = PBXFileReference; fileEncoding = 4; lastKnownFileType = sourcecode.c.h; path = AWMainView.h; sourceTree = "<group>"; };
		B2AE2BC419077F52003C446B /* AWMainView.m */ = {isa = PBXFileReference; fileEncoding = 4; lastKnownFileType = sourcecode.c.objc; path = AWMainView.m; sourceTree = "<group>"; };
		B2CF54011908A0E4009C15C6 /* AWArcTextSpinnerCell.h */ = {isa = PBXFileReference; fileEncoding = 4; lastKnownFileType = sourcecode.c.h; path = AWArcTextSpinnerCell.h; sourceTree = "<group>"; };
		B2CF54021908A0E4009C15C6 /* AWArcTextSpinnerCell.m */ = {isa = PBXFileReference; fileEncoding = 4; lastKnownFileType = sourcecode.c.objc; path = AWArcTextSpinnerCell.m; sourceTree = "<group>"; };
/* End PBXFileReference section */

/* Begin PBXFrameworksBuildPhase section */
		B295DE3418F728DB00497CDD /* Frameworks */ = {
			isa = PBXFrameworksBuildPhase;
			buildActionMask = 2147483647;
			files = (
				050CB6A61911D162000198D6 /* QuartzCore.framework in Frameworks */,
				B295DE3D18F728DB00497CDD /* CoreGraphics.framework in Frameworks */,
				B295DE3F18F728DB00497CDD /* UIKit.framework in Frameworks */,
				B295DE3B18F728DB00497CDD /* Foundation.framework in Frameworks */,
			);
			runOnlyForDeploymentPostprocessing = 0;
		};
		B295DE4F18F728DB00497CDD /* Frameworks */ = {
			isa = PBXFrameworksBuildPhase;
			buildActionMask = 2147483647;
			files = (
				B295DE5418F728DB00497CDD /* XCTest.framework in Frameworks */,
				B295DE5618F728DB00497CDD /* UIKit.framework in Frameworks */,
				B295DE5518F728DB00497CDD /* Foundation.framework in Frameworks */,
			);
			runOnlyForDeploymentPostprocessing = 0;
		};
/* End PBXFrameworksBuildPhase section */

/* Begin PBXGroup section */
		0523D35C1911D342002DF401 /* TCProgressHUD */ = {
			isa = PBXGroup;
			children = (
				0523D35D1911D382002DF401 /* TCProgressHUD.h */,
				0523D35E1911D382002DF401 /* TCProgressHUD.m */,
			);
			name = TCProgressHUD;
			sourceTree = "<group>";
		};
		057EFC2B18FE0BE80067C9DF /* Model */ = {
			isa = PBXGroup;
			children = (
				15F6D3E218FEFED800A176DC /* AWDataModel.h */,
				15F6D3E318FEFED800A176DC /* AWDataModel.m */,
				B2111C681911B30B009F200C /* AWSpinnerContents.h */,
				B2111C691911B30B009F200C /* AWSpinnerContents.m */,
			);
			name = Model;
			sourceTree = "<group>";
		};
		057EFC2C18FE0BED0067C9DF /* View */ = {
			isa = PBXGroup;
			children = (
				0523D35C1911D342002DF401 /* TCProgressHUD */,
				B295DE7818F77DFC00497CDD /* ZASpinner */,
				B2FD342019118E7700EAE1EF /* Spinner Cells */,
				B2AE2BC319077F52003C446B /* AWMainView.h */,
				B2AE2BC419077F52003C446B /* AWMainView.m */,
				B24EB9B819176D9600EA5584 /* AWTimeView.h */,
				B24EB9B919176D9600EA5584 /* AWTimeView.m */,
				15FDE072190B4D1C00DFE036 /* AWBirthDateView.h */,
				15FDE073190B4D1C00DFE036 /* AWBirthDateView.m */,
				15A82F681910342600A01D4C /* AWBirthTimeView.h */,
				15A82F691910342600A01D4C /* AWBirthTimeView.m */,
				B295DE6F18F76E4A00497CDD /* CoreTextArcView.h */,
				B295DE7018F76E4A00497CDD /* CoreTextArcView.m */,
			);
			name = View;
			sourceTree = "<group>";
		};
		057EFC2D18FE0BF10067C9DF /* Controller */ = {
			isa = PBXGroup;
			children = (
				B2AE2BC019077F41003C446B /* AWMainViewController.h */,
				B2AE2BC119077F41003C446B /* AWMainViewController.m */,
				15FDE06F190B4C1B00DFE036 /* AWBirthDateViewController.h */,
				15FDE070190B4C1B00DFE036 /* AWBirthDateViewController.m */,
				15A82F6B1910BC5D00A01D4C /* AWBirthTimeViewController.h */,
				15A82F6C1910BC5E00A01D4C /* AWBirthTimeViewController.m */,
				B24EB9BE1919444300EA5584 /* AWFallingCircleAnimator.h */,
				B24EB9BB1919444300EA5584 /* AWFallingCircleAnimator.m */,
				B24EB9BC1919444300EA5584 /* UIViewController+Animator.m */,
				B24EB9BD1919444300EA5584 /* UIViewController+Animator.h */,
				B24EB9C11919446C00EA5584 /* AWCircleViewController.h */,
				B24EB9C21919446C00EA5584 /* AWCircleViewController.m */,
			);
			name = Controller;
			sourceTree = "<group>";
		};
		05918F3718FF8B9000A0F579 /* Icons */ = {
			isa = PBXGroup;
			children = (
				05918F3B18FFA41700A0F579 /* Home */,
				05918F3818FF8B9700A0F579 /* Awhile bar */,
			);
			name = Icons;
			sourceTree = "<group>";
		};
		05918F3818FF8B9700A0F579 /* Awhile bar */ = {
			isa = PBXGroup;
			children = (
				05918F3918FF947300A0F579 /* awhileBar@2x.png */,
			);
			name = "Awhile bar";
			sourceTree = "<group>";
		};
		05918F3B18FFA41700A0F579 /* Home */ = {
			isa = PBXGroup;
			children = (
				05918F3C18FFA42300A0F579 /* home@2x.png */,
			);
			name = Home;
			sourceTree = "<group>";
		};
		B295DE2E18F728DB00497CDD = {
			isa = PBXGroup;
			children = (
				B295DE4018F728DB00497CDD /* AwhileApp */,
				B295DE5918F728DB00497CDD /* AwhileAppTests */,
				B295DE3918F728DB00497CDD /* Frameworks */,
				B295DE3818F728DB00497CDD /* Products */,
			);
			sourceTree = "<group>";
		};
		B295DE3818F728DB00497CDD /* Products */ = {
			isa = PBXGroup;
			children = (
				B295DE3718F728DB00497CDD /* AwhileApp.app */,
				B295DE5218F728DB00497CDD /* AwhileAppTests.xctest */,
			);
			name = Products;
			sourceTree = "<group>";
		};
		B295DE3918F728DB00497CDD /* Frameworks */ = {
			isa = PBXGroup;
			children = (
				050CB6A51911D162000198D6 /* QuartzCore.framework */,
				B295DE3A18F728DB00497CDD /* Foundation.framework */,
				B295DE3C18F728DB00497CDD /* CoreGraphics.framework */,
				B295DE3E18F728DB00497CDD /* UIKit.framework */,
				B295DE5318F728DB00497CDD /* XCTest.framework */,
			);
			name = Frameworks;
			sourceTree = "<group>";
		};
		B295DE4018F728DB00497CDD /* AwhileApp */ = {
			isa = PBXGroup;
			children = (
				B295DE4918F728DB00497CDD /* AWAppDelegate.h */,
				B295DE4A18F728DB00497CDD /* AWAppDelegate.m */,
				057EFC2D18FE0BF10067C9DF /* Controller */,
				057EFC2C18FE0BED0067C9DF /* View */,
				057EFC2B18FE0BE80067C9DF /* Model */,
				B295DE4C18F728DB00497CDD /* Images.xcassets */,
				B295DE4118F728DB00497CDD /* Supporting Files */,
			);
			path = AwhileApp;
			sourceTree = "<group>";
		};
		B295DE4118F728DB00497CDD /* Supporting Files */ = {
			isa = PBXGroup;
			children = (
				05918F3718FF8B9000A0F579 /* Icons */,
				B295DE4218F728DB00497CDD /* AwhileApp-Info.plist */,
				B295DE4318F728DB00497CDD /* InfoPlist.strings */,
				B295DE4618F728DB00497CDD /* main.m */,
				B295DE4818F728DB00497CDD /* AwhileApp-Prefix.pch */,
			);
			name = "Supporting Files";
			sourceTree = "<group>";
		};
		B295DE5918F728DB00497CDD /* AwhileAppTests */ = {
			isa = PBXGroup;
			children = (
				B295DE5F18F728DB00497CDD /* AwhileAppTests.m */,
				B295DE5A18F728DB00497CDD /* Supporting Files */,
			);
			path = AwhileAppTests;
			sourceTree = "<group>";
		};
		B295DE5A18F728DB00497CDD /* Supporting Files */ = {
			isa = PBXGroup;
			children = (
				B295DE5B18F728DB00497CDD /* AwhileAppTests-Info.plist */,
				B295DE5C18F728DB00497CDD /* InfoPlist.strings */,
			);
			name = "Supporting Files";
			sourceTree = "<group>";
		};
		B295DE7818F77DFC00497CDD /* ZASpinner */ = {
			isa = PBXGroup;
			children = (
				B295DE7918F77DFC00497CDD /* ZASpinnerTableView.h */,
				B295DE7A18F77DFC00497CDD /* ZASpinnerTableView.m */,
				B295DE7B18F77DFC00497CDD /* ZASpinnerCell.h */,
				B295DE7C18F77DFC00497CDD /* ZASpinnerCell.m */,
				B295DE7D18F77DFC00497CDD /* ZASpinnerView.h */,
				B295DE7E18F77DFC00497CDD /* ZASpinnerView.m */,
			);
			path = ZASpinner;
			sourceTree = "<group>";
		};
		B2FD342019118E7700EAE1EF /* Spinner Cells */ = {
			isa = PBXGroup;
			children = (
				B24FD085190700C8009FD1C8 /* AWIconSpinnerCell.h */,
				B24FD086190700C8009FD1C8 /* AWIconSpinnerCell.m */,
				B2CF54011908A0E4009C15C6 /* AWArcTextSpinnerCell.h */,
				B2CF54021908A0E4009C15C6 /* AWArcTextSpinnerCell.m */,
			);
			name = "Spinner Cells";
			sourceTree = "<group>";
		};
/* End PBXGroup section */

/* Begin PBXNativeTarget section */
		B295DE3618F728DB00497CDD /* AwhileApp */ = {
			isa = PBXNativeTarget;
			buildConfigurationList = B295DE6318F728DB00497CDD /* Build configuration list for PBXNativeTarget "AwhileApp" */;
			buildPhases = (
				B295DE3318F728DB00497CDD /* Sources */,
				B295DE3418F728DB00497CDD /* Frameworks */,
				B295DE3518F728DB00497CDD /* Resources */,
			);
			buildRules = (
			);
			dependencies = (
			);
			name = AwhileApp;
			productName = AwhileApp;
			productReference = B295DE3718F728DB00497CDD /* AwhileApp.app */;
			productType = "com.apple.product-type.application";
		};
		B295DE5118F728DB00497CDD /* AwhileAppTests */ = {
			isa = PBXNativeTarget;
			buildConfigurationList = B295DE6618F728DB00497CDD /* Build configuration list for PBXNativeTarget "AwhileAppTests" */;
			buildPhases = (
				B295DE4E18F728DB00497CDD /* Sources */,
				B295DE4F18F728DB00497CDD /* Frameworks */,
				B295DE5018F728DB00497CDD /* Resources */,
			);
			buildRules = (
			);
			dependencies = (
				B295DE5818F728DB00497CDD /* PBXTargetDependency */,
			);
			name = AwhileAppTests;
			productName = AwhileAppTests;
			productReference = B295DE5218F728DB00497CDD /* AwhileAppTests.xctest */;
			productType = "com.apple.product-type.bundle.unit-test";
		};
/* End PBXNativeTarget section */

/* Begin PBXProject section */
		B295DE2F18F728DB00497CDD /* Project object */ = {
			isa = PBXProject;
			attributes = {
				CLASSPREFIX = AW;
				LastUpgradeCheck = 0510;
				ORGANIZATIONNAME = AwhileApp;
				TargetAttributes = {
					B295DE3618F728DB00497CDD = {
						DevelopmentTeam = 94E25AA8V5;
					};
					B295DE5118F728DB00497CDD = {
						TestTargetID = B295DE3618F728DB00497CDD;
					};
				};
			};
			buildConfigurationList = B295DE3218F728DB00497CDD /* Build configuration list for PBXProject "AwhileApp" */;
			compatibilityVersion = "Xcode 3.2";
			developmentRegion = English;
			hasScannedForEncodings = 0;
			knownRegions = (
				en,
			);
			mainGroup = B295DE2E18F728DB00497CDD;
			productRefGroup = B295DE3818F728DB00497CDD /* Products */;
			projectDirPath = "";
			projectRoot = "";
			targets = (
				B295DE3618F728DB00497CDD /* AwhileApp */,
				B295DE5118F728DB00497CDD /* AwhileAppTests */,
			);
		};
/* End PBXProject section */

/* Begin PBXResourcesBuildPhase section */
		B295DE3518F728DB00497CDD /* Resources */ = {
			isa = PBXResourcesBuildPhase;
			buildActionMask = 2147483647;
			files = (
				B295DE4518F728DB00497CDD /* InfoPlist.strings in Resources */,
				05918F3D18FFA42300A0F579 /* home@2x.png in Resources */,
				05918F3A18FF947300A0F579 /* awhileBar@2x.png in Resources */,
				B295DE4D18F728DB00497CDD /* Images.xcassets in Resources */,
			);
			runOnlyForDeploymentPostprocessing = 0;
		};
		B295DE5018F728DB00497CDD /* Resources */ = {
			isa = PBXResourcesBuildPhase;
			buildActionMask = 2147483647;
			files = (
				B295DE5E18F728DB00497CDD /* InfoPlist.strings in Resources */,
			);
			runOnlyForDeploymentPostprocessing = 0;
		};
/* End PBXResourcesBuildPhase section */

/* Begin PBXSourcesBuildPhase section */
		B295DE3318F728DB00497CDD /* Sources */ = {
			isa = PBXSourcesBuildPhase;
			buildActionMask = 2147483647;
			files = (
				B295DE7118F76E4A00497CDD /* CoreTextArcView.m in Sources */,
				15FDE074190B4D1D00DFE036 /* AWBirthDateView.m in Sources */,
				B295DE8018F77DFC00497CDD /* ZASpinnerCell.m in Sources */,
				B2111C6A1911B30B009F200C /* AWSpinnerContents.m in Sources */,
				15A82F6A1910342600A01D4C /* AWBirthTimeView.m in Sources */,
				15A82F6D1910BC5E00A01D4C /* AWBirthTimeViewController.m in Sources */,
				B2AE2BC519077F52003C446B /* AWMainView.m in Sources */,
				B295DE4B18F728DB00497CDD /* AWAppDelegate.m in Sources */,
				B24EB9C31919446C00EA5584 /* AWCircleViewController.m in Sources */,
				B295DE4718F728DB00497CDD /* main.m in Sources */,
				B24EB9C01919444300EA5584 /* UIViewController+Animator.m in Sources */,
				B24EB9BA19176D9600EA5584 /* AWTimeView.m in Sources */,
				B2AE2BC219077F41003C446B /* AWMainViewController.m in Sources */,
				B2CF54031908A0E4009C15C6 /* AWArcTextSpinnerCell.m in Sources */,
				B295DE7F18F77DFC00497CDD /* ZASpinnerTableView.m in Sources */,
				B24EB9BF1919444300EA5584 /* AWFallingCircleAnimator.m in Sources */,
				15FDE071190B4C1B00DFE036 /* AWBirthDateViewController.m in Sources */,
				15F6D3E418FEFED800A176DC /* AWDataModel.m in Sources */,
				B24FD087190700C8009FD1C8 /* AWIconSpinnerCell.m in Sources */,
				B295DE8118F77DFC00497CDD /* ZASpinnerView.m in Sources */,
				0523D35F1911D382002DF401 /* TCProgressHUD.m in Sources */,
			);
			runOnlyForDeploymentPostprocessing = 0;
		};
		B295DE4E18F728DB00497CDD /* Sources */ = {
			isa = PBXSourcesBuildPhase;
			buildActionMask = 2147483647;
			files = (
				B295DE6018F728DB00497CDD /* AwhileAppTests.m in Sources */,
			);
			runOnlyForDeploymentPostprocessing = 0;
		};
/* End PBXSourcesBuildPhase section */

/* Begin PBXTargetDependency section */
		B295DE5818F728DB00497CDD /* PBXTargetDependency */ = {
			isa = PBXTargetDependency;
			target = B295DE3618F728DB00497CDD /* AwhileApp */;
			targetProxy = B295DE5718F728DB00497CDD /* PBXContainerItemProxy */;
		};
/* End PBXTargetDependency section */

/* Begin PBXVariantGroup section */
		B295DE4318F728DB00497CDD /* InfoPlist.strings */ = {
			isa = PBXVariantGroup;
			children = (
				B295DE4418F728DB00497CDD /* en */,
			);
			name = InfoPlist.strings;
			sourceTree = "<group>";
		};
		B295DE5C18F728DB00497CDD /* InfoPlist.strings */ = {
			isa = PBXVariantGroup;
			children = (
				B295DE5D18F728DB00497CDD /* en */,
			);
			name = InfoPlist.strings;
			sourceTree = "<group>";
		};
/* End PBXVariantGroup section */

/* Begin XCBuildConfiguration section */
		B295DE6118F728DB00497CDD /* Debug */ = {
			isa = XCBuildConfiguration;
			buildSettings = {
				ALWAYS_SEARCH_USER_PATHS = NO;
				CLANG_CXX_LANGUAGE_STANDARD = "gnu++0x";
				CLANG_CXX_LIBRARY = "libc++";
				CLANG_ENABLE_MODULES = YES;
				CLANG_ENABLE_OBJC_ARC = YES;
				CLANG_WARN_BOOL_CONVERSION = YES;
				CLANG_WARN_CONSTANT_CONVERSION = YES;
				CLANG_WARN_DIRECT_OBJC_ISA_USAGE = YES_ERROR;
				CLANG_WARN_EMPTY_BODY = YES;
				CLANG_WARN_ENUM_CONVERSION = YES;
				CLANG_WARN_INT_CONVERSION = YES;
				CLANG_WARN_OBJC_ROOT_CLASS = YES_ERROR;
				CLANG_WARN__DUPLICATE_METHOD_MATCH = YES;
				"CODE_SIGN_IDENTITY[sdk=iphoneos*]" = "iPhone Developer";
				COPY_PHASE_STRIP = NO;
				GCC_C_LANGUAGE_STANDARD = gnu99;
				GCC_DYNAMIC_NO_PIC = NO;
				GCC_OPTIMIZATION_LEVEL = 0;
				GCC_PREPROCESSOR_DEFINITIONS = (
					"DEBUG=1",
					"$(inherited)",
				);
				GCC_SYMBOLS_PRIVATE_EXTERN = NO;
				GCC_WARN_64_TO_32_BIT_CONVERSION = YES;
				GCC_WARN_ABOUT_RETURN_TYPE = YES_ERROR;
				GCC_WARN_UNDECLARED_SELECTOR = YES;
				GCC_WARN_UNINITIALIZED_AUTOS = YES_AGGRESSIVE;
				GCC_WARN_UNUSED_FUNCTION = YES;
				GCC_WARN_UNUSED_VARIABLE = YES;
				IPHONEOS_DEPLOYMENT_TARGET = 7.1;
				ONLY_ACTIVE_ARCH = YES;
				SDKROOT = iphoneos;
			};
			name = Debug;
		};
		B295DE6218F728DB00497CDD /* Release */ = {
			isa = XCBuildConfiguration;
			buildSettings = {
				ALWAYS_SEARCH_USER_PATHS = NO;
				CLANG_CXX_LANGUAGE_STANDARD = "gnu++0x";
				CLANG_CXX_LIBRARY = "libc++";
				CLANG_ENABLE_MODULES = YES;
				CLANG_ENABLE_OBJC_ARC = YES;
				CLANG_WARN_BOOL_CONVERSION = YES;
				CLANG_WARN_CONSTANT_CONVERSION = YES;
				CLANG_WARN_DIRECT_OBJC_ISA_USAGE = YES_ERROR;
				CLANG_WARN_EMPTY_BODY = YES;
				CLANG_WARN_ENUM_CONVERSION = YES;
				CLANG_WARN_INT_CONVERSION = YES;
				CLANG_WARN_OBJC_ROOT_CLASS = YES_ERROR;
				CLANG_WARN__DUPLICATE_METHOD_MATCH = YES;
				"CODE_SIGN_IDENTITY[sdk=iphoneos*]" = "iPhone Developer";
				COPY_PHASE_STRIP = YES;
				ENABLE_NS_ASSERTIONS = NO;
				GCC_C_LANGUAGE_STANDARD = gnu99;
				GCC_WARN_64_TO_32_BIT_CONVERSION = YES;
				GCC_WARN_ABOUT_RETURN_TYPE = YES_ERROR;
				GCC_WARN_UNDECLARED_SELECTOR = YES;
				GCC_WARN_UNINITIALIZED_AUTOS = YES_AGGRESSIVE;
				GCC_WARN_UNUSED_FUNCTION = YES;
				GCC_WARN_UNUSED_VARIABLE = YES;
				IPHONEOS_DEPLOYMENT_TARGET = 7.1;
				SDKROOT = iphoneos;
				VALIDATE_PRODUCT = YES;
			};
			name = Release;
		};
		B295DE6418F728DB00497CDD /* Debug */ = {
			isa = XCBuildConfiguration;
			buildSettings = {
				ASSETCATALOG_COMPILER_APPICON_NAME = AppIcon;
				ASSETCATALOG_COMPILER_LAUNCHIMAGE_NAME = LaunchImage;
				CODE_SIGN_IDENTITY = "iPhone Developer";
				FRAMEWORK_SEARCH_PATHS = (
					"$(inherited)",
					/Users/zakavila/Code/FacebookSDK,
				);
				GCC_PRECOMPILE_PREFIX_HEADER = YES;
				GCC_PREFIX_HEADER = "AwhileApp/AwhileApp-Prefix.pch";
				INFOPLIST_FILE = "AwhileApp/AwhileApp-Info.plist";
				PRODUCT_NAME = "$(TARGET_NAME)";
				WRAPPER_EXTENSION = app;
			};
			name = Debug;
		};
		B295DE6518F728DB00497CDD /* Release */ = {
			isa = XCBuildConfiguration;
			buildSettings = {
				ASSETCATALOG_COMPILER_APPICON_NAME = AppIcon;
				ASSETCATALOG_COMPILER_LAUNCHIMAGE_NAME = LaunchImage;
				CODE_SIGN_IDENTITY = "iPhone Developer";
				FRAMEWORK_SEARCH_PATHS = (
					"$(inherited)",
					/Users/zakavila/Code/FacebookSDK,
				);
				GCC_PRECOMPILE_PREFIX_HEADER = YES;
				GCC_PREFIX_HEADER = "AwhileApp/AwhileApp-Prefix.pch";
				INFOPLIST_FILE = "AwhileApp/AwhileApp-Info.plist";
				PRODUCT_NAME = "$(TARGET_NAME)";
				WRAPPER_EXTENSION = app;
			};
			name = Release;
		};
		B295DE6718F728DB00497CDD /* Debug */ = {
			isa = XCBuildConfiguration;
			buildSettings = {
				BUNDLE_LOADER = "$(BUILT_PRODUCTS_DIR)/AwhileApp.app/AwhileApp";
				FRAMEWORK_SEARCH_PATHS = (
					"$(SDKROOT)/Developer/Library/Frameworks",
					"$(inherited)",
					"$(DEVELOPER_FRAMEWORKS_DIR)",
				);
				GCC_PRECOMPILE_PREFIX_HEADER = YES;
				GCC_PREFIX_HEADER = "AwhileApp/AwhileApp-Prefix.pch";
				GCC_PREPROCESSOR_DEFINITIONS = (
					"DEBUG=1",
					"$(inherited)",
				);
				INFOPLIST_FILE = "AwhileAppTests/AwhileAppTests-Info.plist";
				PRODUCT_NAME = "$(TARGET_NAME)";
				TEST_HOST = "$(BUNDLE_LOADER)";
				WRAPPER_EXTENSION = xctest;
			};
			name = Debug;
		};
		B295DE6818F728DB00497CDD /* Release */ = {
			isa = XCBuildConfiguration;
			buildSettings = {
				BUNDLE_LOADER = "$(BUILT_PRODUCTS_DIR)/AwhileApp.app/AwhileApp";
				FRAMEWORK_SEARCH_PATHS = (
					"$(SDKROOT)/Developer/Library/Frameworks",
					"$(inherited)",
					"$(DEVELOPER_FRAMEWORKS_DIR)",
				);
				GCC_PRECOMPILE_PREFIX_HEADER = YES;
				GCC_PREFIX_HEADER = "AwhileApp/AwhileApp-Prefix.pch";
				INFOPLIST_FILE = "AwhileAppTests/AwhileAppTests-Info.plist";
				PRODUCT_NAME = "$(TARGET_NAME)";
				TEST_HOST = "$(BUNDLE_LOADER)";
				WRAPPER_EXTENSION = xctest;
			};
			name = Release;
		};
/* End XCBuildConfiguration section */

/* Begin XCConfigurationList section */
		B295DE3218F728DB00497CDD /* Build configuration list for PBXProject "AwhileApp" */ = {
			isa = XCConfigurationList;
			buildConfigurations = (
				B295DE6118F728DB00497CDD /* Debug */,
				B295DE6218F728DB00497CDD /* Release */,
			);
			defaultConfigurationIsVisible = 0;
			defaultConfigurationName = Release;
		};
		B295DE6318F728DB00497CDD /* Build configuration list for PBXNativeTarget "AwhileApp" */ = {
			isa = XCConfigurationList;
			buildConfigurations = (
				B295DE6418F728DB00497CDD /* Debug */,
				B295DE6518F728DB00497CDD /* Release */,
			);
			defaultConfigurationIsVisible = 0;
			defaultConfigurationName = Release;
		};
		B295DE6618F728DB00497CDD /* Build configuration list for PBXNativeTarget "AwhileAppTests" */ = {
			isa = XCConfigurationList;
			buildConfigurations = (
				B295DE6718F728DB00497CDD /* Debug */,
				B295DE6818F728DB00497CDD /* Release */,
			);
			defaultConfigurationIsVisible = 0;
			defaultConfigurationName = Release;
		};
/* End XCConfigurationList section */
	};
	rootObject = B295DE2F18F728DB00497CDD /* Project object */;
}
